{
  "name": "Avro",
  "version": "1.0.0",
  "lockfileVersion": 1,
  "requires": true,
  "dependencies": {
    "avsc": {
      "version": "5.4.6",
      "resolved": "https://registry.npmjs.org/avsc/-/avsc-5.4.6.tgz",
      "integrity": "sha512-8bbABwEjGB2GoFI7INkMxPB9bro+Zh4O4NLtnOP+NIsElMY7ab91IrMIxlks3PUw0WfWWDknFXC/9GBlWLgD+A=="
    },
    "lodash": {
      "version": "4.17.11",
      "resolved": "https://registry.npmjs.org/lodash/-/lodash-4.17.11.tgz",
      "integrity": "sha512-cQKh8igo5QUhZ7lg38DYWAxMvjSAKG0A8wGSVimP07SIUEK2UO+arSRKbRZWtelMtN5V0Hkwh5ryOto/SshYIg=="
    },
    "snappyjs": {
      "version": "0.6.0",
      "resolved": "https://registry.npmjs.org/snappyjs/-/snappyjs-0.6.0.tgz",
      "integrity": "sha512-VTBBV4C9SHLuNEw8qrxw3EnkYmzwe8ml5VA8zS6XChr/yQ/CEDobofC6j4S25QJQR0htRGD68Oh4TZxv/mpf7w=="
    }
  }
}
